lockfileVersion: '9.0'

settings:
  autoInstallPeers: true
  excludeLinksFromLockfile: false

importers:

  .:
    dependencies:
      '@deepseek-ai/cordis':
        specifier: ^4.0.2
        version: 4.0.2
      '@deepseek-ai/schemastery':
        specifier: ^3.18.2
        version: 3.18.2
    devDependencies:
      js-yaml:
        specifier: ^5.4.1
        version: 5.4.1
      react:
        specifier: 18.3.1
        version: 18.3.1
      react-test-renderer:
        specifier: 18.3.1
        version: 18.3.1(react@18.3.1)

packages:

  '@deepseek-ai/cordis@4.0.2':
    resolution: {integrity: sha512-asOnXP1TzFSFQlHb1iegDZp0z/8WD1c7YNrwJR/Tx2bzNuMXfcekE/I67Iv6SQXeLB4csxqCngzQKANP7gdw0g==}
    hasBin: true
    peerDependencies:
      '@deepseek-ai/cordis-plugin-include': ^1.0.7
      '@deepseek-ai/cordis-plugin-loader': ^1.0.3
    peerDependenciesMeta:
      '@deepseek-ai/cordis-plugin-include':
        optional: true
      '@deepseek-ai/cordis-plugin-loader':
        optional: true

  '@deepseek-ai/cosmokit@1.8.3':
    resolution: {integrity: sha512-qBo+ronVM6Eu2WNVJXi8JcMiqZ19T9BRIpV+5qJUFPXjGH/Z0QKcQMC/IZJ7L394YTOtJgcovbk9qP0w2GsBXQ==}

  '@deepseek-ai/schemastery@3.18.2':
    resolution: {integrity: sha512-njDtZsznjYxok7KLLlHOPyuv2efdWVbSflAHgztSfbMsg+CVraEoRe2DjOCgClYv3ZCSm7WXoaUkbB/+RY7tWQ==}

  '@standard-schema/spec@1.1.0':
    resolution: {integrity: sha512-l2aFy5jALhniG5HgqrD6jXLi/rUWrKvqN/qJx6yoJsgKhblVd+iqqU4RCXavm/jPityDo5TCvKMnpjKnOriy0w==}

  argparse@2.0.1:
    resolution: {integrity: sha512-8+9WqebbFzpX9OR+Wa6O29asIogeRMzcGtAINdpMHHyAg10f05aSFVBbcEqGf/PXw1EjAZ+q2/bEBg3DvurK3Q==}

  js-tokens@4.0.0:
    resolution: {integrity: sha512-RdJUflcE3cUzKiMqQgsCu06FPu9UdIJO0beYbPhHN4k6apgJtifcoCtT9bcxOpYBtpD2kCM6Sbzg4CausW/PKQ==}

  js-yaml@5.4.1:
    resolution: {integrity: sha512-28R/k+NAjeuf7+CKlTxWZVExJGwVVLwY06DgEnOMz2gEpfNkDcD7QvyiVPT0xy0XXhU8vHsd4Ot42OOPdJG7dQ==}
    hasBin: true

  loose-envify@1.4.0:
    resolution: {integrity: sha512-lyuxPGr/Wfhrlem2CL/UcnUc1zcqKAImBDzukY7Y5F/yQiNdko6+fRLevlw1HgMySw7f611UIY408EtxRSoK3Q==}
    hasBin: true

  object-assign@4.1.1:
    resolution: {integrity: sha512-rJgTQnkUnH1sFw8yT6VSU3zD3sWmu6sZhIseY8VX+GRu3P6F7Fu+JNDoXfklElbLJSnc3FUQHVe4cU5hj+BcUg==}
    engines: {node: '>=0.10.0'}

  react-is@18.3.1:
    resolution: {integrity: sha512-/LLMVyas0ljjAtoYiPqYiL8VWXzUUdThrmU5+n20DZv+a+ClRoevUzw5JxU+Ieh5/c87ytoTBV9G1FiKfNJdmg==}

  react-shallow-renderer@16.15.0:
    resolution: {integrity: sha512-oScf2FqQ9LFVQgA73vr86xl2NaOIX73rh+YFqcOp68CWj56tSfgtGKrEbyhCj0rSijyG9M1CYprTh39fBi5hzA==}
    peerDependencies:
      react: ^16.0.0 || ^17.0.0 || ^18.0.0

  react-test-renderer@18.3.1:
    resolution: {integrity: sha512-KkAgygexHUkQqtvvx/otwxtuFu5cVjfzTCtjXLH9boS19/Nbtg84zS7wIQn39G8IlrhThBpQsMKkq5ZHZIYFXA==}
    peerDependencies:
      react: ^18.3.1

  react@18.3.1:
    resolution: {integrity: sha512-wS+hAgJShR0KhEvPJArfuPVN1+Hz1t0Y6n5jLrGQbkb4urgPE/0Rve+1kMB1v/oWgHgm4WIcV+i7F2pTVj+2iQ==}
    engines: {node: '>=0.10.0'}

  scheduler@0.23.2:
    resolution: {integrity: sha512-UOShsPwz7NrMUqhR6t0hWjFduvOzbtv7toDH1/hIrfRNIDBnnBWd0CwJTGvTpngVlmwGCdP9/Zl/tVrDqcuYzQ==}

snapshots:

  '@deepseek-ai/cordis@4.0.2':
    dependencies:
      '@deepseek-ai/cosmokit': 1.8.3
      '@standard-schema/spec': 1.1.0

  '@deepseek-ai/cosmokit@1.8.3': {}

  '@deepseek-ai/schemastery@3.18.2':
    dependencies:
      '@deepseek-ai/cosmokit': 1.8.3
      '@standard-schema/spec': 1.1.0

  '@standard-schema/spec@1.1.0': {}

  argparse@2.0.1: {}

  js-tokens@4.0.0: {}

  js-yaml@5.4.1:
    dependencies:
      argparse: 2.0.1

  loose-envify@1.4.0:
    dependencies:
      js-tokens: 4.0.0

  object-assign@4.1.1: {}

  react-is@18.3.1: {}

  react-shallow-renderer@16.15.0(react@18.3.1):
    dependencies:
      object-assign: 4.1.1
      react: 18.3.1
      react-is: 18.3.1

  react-test-renderer@18.3.1(react@18.3.1):
    dependencies:
      react: 18.3.1
      react-is: 18.3.1
      react-shallow-renderer: 16.15.0(react@18.3.1)
      scheduler: 0.23.2

  react@18.3.1:
    dependencies:
      loose-envify: 1.4.0

  scheduler@0.23.2:
    dependencies:
      loose-envify: 1.4.0
